
Microsoft Visual Studio Solution File, Format Version 12.00
# Visual Studio Version 16
VisualStudioVersion = 16.0.36602.28
MinimumVisualStudioVersion = 10.0.40219.1
Project("{9A19103F-16F7-4668-BE54-9A1E7A4F7556}") = "EquipmentDesigner", "EquipmentDesigner\EquipmentDesigner.csproj", "{882812FF-8D81-4334-B9B4-EE98630C1FF2}"
EndProject
Global
	GlobalSection(SolutionConfigurationPlatforms) = preSolution
		Debug|Any CPU = Debug|Any CPU
		Debug|x64 = Debug|x64
		Release|Any CPU = Release|Any CPU
		Release|x64 = Release|x64
	EndGlobalSection
	GlobalSection(ProjectConfigurationPlatforms) = postSolution
		{882812FF-8D81-4334-B9B4-EE98630C1FF2}.Debug|Any CPU.ActiveCfg = Debug|Any CPU
		{882812FF-8D81-4334-B9B4-EE98630C1FF2}.Debug|Any CPU.Build.0 = Debug|Any CPU
		{882812FF-8D81-4334-B9B4-EE98630C1FF2}.Debug|x64.ActiveCfg = Debug|x64
		{882812FF-8D81-4334-B9B4-EE98630C1FF2}.Debug|x64.Build.0 = Debug|x64
		{882812FF-8D81-4334-B9B4-EE98630C1FF2}.Release|Any CPU.ActiveCfg = Release|Any CPU
		{882812FF-8D81-4334-B9B4-EE98630C1FF2}.Release|Any CPU.Build.0 = Release|Any CPU
		{882812FF-8D81-4334-B9B4-EE98630C1FF2}.Release|x64.ActiveCfg = Release|x64
		{882812FF-8D81-4334-B9B4-EE98630C1FF2}.Release|x64.Build.0 = Release|x64
	EndGlobalSection
	GlobalSection(SolutionProperties) = preSolution
		HideSolutionNode = FALSE
	EndGlobalSection
	GlobalSection(ExtensibilityGlobals) = postSolution
		SolutionGuid = {1FDF6D9F-FFA8-4468-B3A2-A4F67E3D6F9F}
	EndGlobalSection
EndGlobal
